
Microsoft Visual Studio Solution File, Format Version 11.00
# Visual Studio 2010
Project("{FAE04EC0-301F-11D3-BF4B-00C04F79EFBC}") = "CloudService1", "CloudService1\CloudService1.csproj", "{A113ECC1-E4BF-4E25-B1FD-D058C87C9F76}"
EndProject
Global
	GlobalSection(SolutionConfigurationPlatforms) = preSolution
		Debug|Any CPU = Debug|Any CPU
		Release|Any CPU = Release|Any CPU
	EndGlobalSection
	GlobalSection(ProjectConfigurationPlatforms) = postSolution
		{A113ECC1-E4BF-4E25-B1FD-D058C87C9F76}.Debug|Any CPU.ActiveCfg = Debug|Any CPU
		{A113ECC1-E4BF-4E25-B1FD-D058C87C9F76}.Debug|Any CPU.Build.0 = Debug|Any CPU
		{A113ECC1-E4BF-4E25-B1FD-D058C87C9F76}.Release|Any CPU.ActiveCfg = Release|Any CPU
		{A113ECC1-E4BF-4E25-B1FD-D058C87C9F76}.Release|Any CPU.Build.0 = Release|Any CPU
	EndGlobalSection
	GlobalSection(SolutionProperties) = preSolution
		HideSolutionNode = FALSE
	EndGlobalSection
EndGlobal
